
Microsoft Visual Studio Solution File, Format Version 12.00
# Visual Studio Version 16
VisualStudioVersion = 16.0.29926.136
MinimumVisualStudioVersion = 10.0.40219.1
Project("{FAE04EC0-301F-11D3-BF4B-00C04F79EFBC}") = "simulacion_tp5", "simulacion_tp5.csproj", "{F29ED895-4967-47D3-9BE0-C94DC029D16E}"
EndProject
Global
	GlobalSection(SolutionConfigurationPlatforms) = preSolution
		Debug|Any CPU = Debug|Any CPU
		Release|Any CPU = Release|Any CPU
	EndGlobalSection
	GlobalSection(ProjectConfigurationPlatforms) = postSolution
		{F29ED895-4967-47D3-9BE0-C94DC029D16E}.Debug|Any CPU.ActiveCfg = Debug|Any CPU
		{F29ED895-4967-47D3-9BE0-C94DC029D16E}.Debug|Any CPU.Build.0 = Debug|Any CPU
		{F29ED895-4967-47D3-9BE0-C94DC029D16E}.Release|Any CPU.ActiveCfg = Release|Any CPU
		{F29ED895-4967-47D3-9BE0-C94DC029D16E}.Release|Any CPU.Build.0 = Release|Any CPU
	EndGlobalSection
	GlobalSection(SolutionProperties) = preSolution
		HideSolutionNode = FALSE
	EndGlobalSection
	GlobalSection(ExtensibilityGlobals) = postSolution
		SolutionGuid = {37084843-DD0B-4234-9CD8-9DED4DD9B48D}
	EndGlobalSection
EndGlobal
